
Microsoft Visual Studio Solution File, Format Version 12.00
# Visual Studio Version 16
VisualStudioVersion = 16.0.30114.105
MinimumVisualStudioVersion = 10.0.40219.1
Project("{9A19103F-16F7-4668-BE54-9A1E7A4F7556}") = "Stack", "Stack\Stack.csproj", "{2513A46B-FFD9-433D-A297-06B335891D17}"
EndProject
Project("{9A19103F-16F7-4668-BE54-9A1E7A4F7556}") = "Queue", "Queue\Queue.csproj", "{9D2AD3F6-2D2F-480F-A3C3-408774A1E22E}"
EndProject
Project("{9A19103F-16F7-4668-BE54-9A1E7A4F7556}") = "Tree", "Tree\Tree.csproj", "{6DF61EE6-F380-41ED-B422-38F6BDE0F6E7}"
EndProject
Project("{9A19103F-16F7-4668-BE54-9A1E7A4F7556}") = "DoubleLinkedList", "DoubleLinkedList\DoubleLinkedList.csproj", "{216FA021-0F6C-43A0-81C1-A333D754CA03}"
EndProject
Project("{9A19103F-16F7-4668-BE54-9A1E7A4F7556}") = "Plugin", "Plugin\Plugin.csproj", "{BF8FF147-06C4-40DB-AEBE-C3A22ECD612B}"
EndProject
Project("{9A19103F-16F7-4668-BE54-9A1E7A4F7556}") = "TestAssembly1", "TestAssembly1\TestAssembly1.csproj", "{5DC7EF73-D7E2-49E2-821D-61AA8E01E454}"
EndProject
Project("{9A19103F-16F7-4668-BE54-9A1E7A4F7556}") = "TestAssembly2", "TestAssembly2\TestAssembly2.csproj", "{8DFF235A-C18E-467B-BF74-937E2BDD2860}"
EndProject
Project("{9A19103F-16F7-4668-BE54-9A1E7A4F7556}") = "SharedAttribute", "SharedAttribute\SharedAttribute.csproj", "{28A5DD51-B836-4F4D-9C4E-E396D28C679D}"
EndProject
Global
	GlobalSection(SolutionConfigurationPlatforms) = preSolution
		Debug|Any CPU = Debug|Any CPU
		Debug|x64 = Debug|x64
		Debug|x86 = Debug|x86
		Release|Any CPU = Release|Any CPU
		Release|x64 = Release|x64
		Release|x86 = Release|x86
	EndGlobalSection
	GlobalSection(ProjectConfigurationPlatforms) = postSolution
		{2513A46B-FFD9-433D-A297-06B335891D17}.Debug|Any CPU.ActiveCfg = Debug|Any CPU
		{2513A46B-FFD9-433D-A297-06B335891D17}.Debug|Any CPU.Build.0 = Debug|Any CPU
		{2513A46B-FFD9-433D-A297-06B335891D17}.Debug|x64.ActiveCfg = Debug|Any CPU
		{2513A46B-FFD9-433D-A297-06B335891D17}.Debug|x64.Build.0 = Debug|Any CPU
		{2513A46B-FFD9-433D-A297-06B335891D17}.Debug|x86.ActiveCfg = Debug|Any CPU
		{2513A46B-FFD9-433D-A297-06B335891D17}.Debug|x86.Build.0 = Debug|Any CPU
		{2513A46B-FFD9-433D-A297-06B335891D17}.Release|Any CPU.ActiveCfg = Release|Any CPU
		{2513A46B-FFD9-433D-A297-06B335891D17}.Release|Any CPU.Build.0 = Release|Any CPU
		{2513A46B-FFD9-433D-A297-06B335891D17}.Release|x64.ActiveCfg = Release|Any CPU
		{2513A46B-FFD9-433D-A297-06B335891D17}.Release|x64.Build.0 = Release|Any CPU
		{2513A46B-FFD9-433D-A297-06B335891D17}.Release|x86.ActiveCfg = Release|Any CPU
		{2513A46B-FFD9-433D-A297-06B335891D17}.Release|x86.Build.0 = Release|Any CPU
		{9D2AD3F6-2D2F-480F-A3C3-408774A1E22E}.Debug|Any CPU.ActiveCfg = Debug|Any CPU
		{9D2AD3F6-2D2F-480F-A3C3-408774A1E22E}.Debug|Any CPU.Build.0 = Debug|Any CPU
		{9D2AD3F6-2D2F-480F-A3C3-408774A1E22E}.Debug|x64.ActiveCfg = Debug|Any CPU
		{9D2AD3F6-2D2F-480F-A3C3-408774A1E22E}.Debug|x64.Build.0 = Debug|Any CPU
		{9D2AD3F6-2D2F-480F-A3C3-408774A1E22E}.Debug|x86.ActiveCfg = Debug|Any CPU
		{9D2AD3F6-2D2F-480F-A3C3-408774A1E22E}.Debug|x86.Build.0 = Debug|Any CPU
		{9D2AD3F6-2D2F-480F-A3C3-408774A1E22E}.Release|Any CPU.ActiveCfg = Release|Any CPU
		{9D2AD3F6-2D2F-480F-A3C3-408774A1E22E}.Release|Any CPU.Build.0 = Release|Any CPU
		{9D2AD3F6-2D2F-480F-A3C3-408774A1E22E}.Release|x64.ActiveCfg = Release|Any CPU
		{9D2AD3F6-2D2F-480F-A3C3-408774A1E22E}.Release|x64.Build.0 = Release|Any CPU
		{9D2AD3F6-2D2F-480F-A3C3-408774A1E22E}.Release|x86.ActiveCfg = Release|Any CPU
		{9D2AD3F6-2D2F-480F-A3C3-408774A1E22E}.Release|x86.Build.0 = Release|Any CPU
		{6DF61EE6-F380-41ED-B422-38F6BDE0F6E7}.Debug|Any CPU.ActiveCfg = Debug|Any CPU
		{6DF61EE6-F380-41ED-B422-38F6BDE0F6E7}.Debug|Any CPU.Build.0 = Debug|Any CPU
		{6DF61EE6-F380-41ED-B422-38F6BDE0F6E7}.Debug|x64.ActiveCfg = Debug|Any CPU
		{6DF61EE6-F380-41ED-B422-38F6BDE0F6E7}.Debug|x64.Build.0 = Debug|Any CPU
		{6DF61EE6-F380-41ED-B422-38F6BDE0F6E7}.Debug|x86.ActiveCfg = Debug|Any CPU
		{6DF61EE6-F380-41ED-B422-38F6BDE0F6E7}.Debug|x86.Build.0 = Debug|Any CPU
		{6DF61EE6-F380-41ED-B422-38F6BDE0F6E7}.Release|Any CPU.ActiveCfg = Release|Any CPU
		{6DF61EE6-F380-41ED-B422-38F6BDE0F6E7}.Release|Any CPU.Build.0 = Release|Any CPU
		{6DF61EE6-F380-41ED-B422-38F6BDE0F6E7}.Release|x64.ActiveCfg = Release|Any CPU
		{6DF61EE6-F380-41ED-B422-38F6BDE0F6E7}.Release|x64.Build.0 = Release|Any CPU
		{6DF61EE6-F380-41ED-B422-38F6BDE0F6E7}.Release|x86.ActiveCfg = Release|Any CPU
		{6DF61EE6-F380-41ED-B422-38F6BDE0F6E7}.Release|x86.Build.0 = Release|Any CPU
		{216FA021-0F6C-43A0-81C1-A333D754CA03}.Debug|Any CPU.ActiveCfg = Debug|Any CPU
		{216FA021-0F6C-43A0-81C1-A333D754CA03}.Debug|Any CPU.Build.0 = Debug|Any CPU
		{216FA021-0F6C-43A0-81C1-A333D754CA03}.Debug|x64.ActiveCfg = Debug|Any CPU
		{216FA021-0F6C-43A0-81C1-A333D754CA03}.Debug|x64.Build.0 = Debug|Any CPU
		{216FA021-0F6C-43A0-81C1-A333D754CA03}.Debug|x86.ActiveCfg = Debug|Any CPU
		{216FA021-0F6C-43A0-81C1-A333D754CA03}.Debug|x86.Build.0 = Debug|Any CPU
		{216FA021-0F6C-43A0-81C1-A333D754CA03}.Release|Any CPU.ActiveCfg = Release|Any CPU
		{216FA021-0F6C-43A0-81C1-A333D754CA03}.Release|Any CPU.Build.0 = Release|Any CPU
		{216FA021-0F6C-43A0-81C1-A333D754CA03}.Release|x64.ActiveCfg = Release|Any CPU
		{216FA021-0F6C-43A0-81C1-A333D754CA03}.Release|x64.Build.0 = Release|Any CPU
		{216FA021-0F6C-43A0-81C1-A333D754CA03}.Release|x86.ActiveCfg = Release|Any CPU
		{216FA021-0F6C-43A0-81C1-A333D754CA03}.Release|x86.Build.0 = Release|Any CPU
		{BF8FF147-06C4-40DB-AEBE-C3A22ECD612B}.Debug|Any CPU.ActiveCfg = Debug|Any CPU
		{BF8FF147-06C4-40DB-AEBE-C3A22ECD612B}.Debug|Any CPU.Build.0 = Debug|Any CPU
		{BF8FF147-06C4-40DB-AEBE-C3A22ECD612B}.Debug|x64.ActiveCfg = Debug|Any CPU
		{BF8FF147-06C4-40DB-AEBE-C3A22ECD612B}.Debug|x64.Build.0 = Debug|Any CPU
		{BF8FF147-06C4-40DB-AEBE-C3A22ECD612B}.Debug|x86.ActiveCfg = Debug|Any CPU
		{BF8FF147-06C4-40DB-AEBE-C3A22ECD612B}.Debug|x86.Build.0 = Debug|Any CPU
		{BF8FF147-06C4-40DB-AEBE-C3A22ECD612B}.Release|Any CPU.ActiveCfg = Release|Any CPU
		{BF8FF147-06C4-40DB-AEBE-C3A22ECD612B}.Release|Any CPU.Build.0 = Release|Any CPU
		{BF8FF147-06C4-40DB-AEBE-C3A22ECD612B}.Release|x64.ActiveCfg = Release|Any CPU
		{BF8FF147-06C4-40DB-AEBE-C3A22ECD612B}.Release|x64.Build.0 = Release|Any CPU
		{BF8FF147-06C4-40DB-AEBE-C3A22ECD612B}.Release|x86.ActiveCfg = Release|Any CPU
		{BF8FF147-06C4-40DB-AEBE-C3A22ECD612B}.Release|x86.Build.0 = Release|Any CPU
		{5DC7EF73-D7E2-49E2-821D-61AA8E01E454}.Debug|Any CPU.ActiveCfg = Debug|Any CPU
		{5DC7EF73-D7E2-49E2-821D-61AA8E01E454}.Debug|Any CPU.Build.0 = Debug|Any CPU
		{5DC7EF73-D7E2-49E2-821D-61AA8E01E454}.Debug|x64.ActiveCfg = Debug|Any CPU
		{5DC7EF73-D7E2-49E2-821D-61AA8E01E454}.Debug|x64.Build.0 = Debug|Any CPU
		{5DC7EF73-D7E2-49E2-821D-61AA8E01E454}.Debug|x86.ActiveCfg = Debug|Any CPU
		{5DC7EF73-D7E2-49E2-821D-61AA8E01E454}.Debug|x86.Build.0 = Debug|Any CPU
		{5DC7EF73-D7E2-49E2-821D-61AA8E01E454}.Release|Any CPU.ActiveCfg = Release|Any CPU
		{5DC7EF73-D7E2-49E2-821D-61AA8E01E454}.Release|Any CPU.Build.0 = Release|Any CPU
		{5DC7EF73-D7E2-49E2-821D-61AA8E01E454}.Release|x64.ActiveCfg = Release|Any CPU
		{5DC7EF73-D7E2-49E2-821D-61AA8E01E454}.Release|x64.Build.0 = Release|Any CPU
		{5DC7EF73-D7E2-49E2-821D-61AA8E01E454}.Release|x86.ActiveCfg = Release|Any CPU
		{5DC7EF73-D7E2-49E2-821D-61AA8E01E454}.Release|x86.Build.0 = Release|Any CPU
		{8DFF235A-C18E-467B-BF74-937E2BDD2860}.Debug|Any CPU.ActiveCfg = Debug|Any CPU
		{8DFF235A-C18E-467B-BF74-937E2BDD2860}.Debug|Any CPU.Build.0 = Debug|Any CPU
		{8DFF235A-C18E-467B-BF74-937E2BDD2860}.Debug|x64.ActiveCfg = Debug|Any CPU
		{8DFF235A-C18E-467B-BF74-937E2BDD2860}.Debug|x64.Build.0 = Debug|Any CPU
		{8DFF235A-C18E-467B-BF74-937E2BDD2860}.Debug|x86.ActiveCfg = Debug|Any CPU
		{8DFF235A-C18E-467B-BF74-937E2BDD2860}.Debug|x86.Build.0 = Debug|Any CPU
		{8DFF235A-C18E-467B-BF74-937E2BDD2860}.Release|Any CPU.ActiveCfg = Release|Any CPU
		{8DFF235A-C18E-467B-BF74-937E2BDD2860}.Release|Any CPU.Build.0 = Release|Any CPU
		{8DFF235A-C18E-467B-BF74-937E2BDD2860}.Release|x64.ActiveCfg = Release|Any CPU
		{8DFF235A-C18E-467B-BF74-937E2BDD2860}.Release|x64.Build.0 = Release|Any CPU
		{8DFF235A-C18E-467B-BF74-937E2BDD2860}.Release|x86.ActiveCfg = Release|Any CPU
		{8DFF235A-C18E-467B-BF74-937E2BDD2860}.Release|x86.Build.0 = Release|Any CPU
		{28A5DD51-B836-4F4D-9C4E-E396D28C679D}.Debug|Any CPU.ActiveCfg = Debug|Any CPU
		{28A5DD51-B836-4F4D-9C4E-E396D28C679D}.Debug|Any CPU.Build.0 = Debug|Any CPU
		{28A5DD51-B836-4F4D-9C4E-E396D28C679D}.Debug|x64.ActiveCfg = Debug|Any CPU
		{28A5DD51-B836-4F4D-9C4E-E396D28C679D}.Debug|x64.Build.0 = Debug|Any CPU
		{28A5DD51-B836-4F4D-9C4E-E396D28C679D}.Debug|x86.ActiveCfg = Debug|Any CPU
		{28A5DD51-B836-4F4D-9C4E-E396D28C679D}.Debug|x86.Build.0 = Debug|Any CPU
		{28A5DD51-B836-4F4D-9C4E-E396D28C679D}.Release|Any CPU.ActiveCfg = Release|Any CPU
		{28A5DD51-B836-4F4D-9C4E-E396D28C679D}.Release|Any CPU.Build.0 = Release|Any CPU
		{28A5DD51-B836-4F4D-9C4E-E396D28C679D}.Release|x64.ActiveCfg = Release|Any CPU
		{28A5DD51-B836-4F4D-9C4E-E396D28C679D}.Release|x64.Build.0 = Release|Any CPU
		{28A5DD51-B836-4F4D-9C4E-E396D28C679D}.Release|x86.ActiveCfg = Release|Any CPU
		{28A5DD51-B836-4F4D-9C4E-E396D28C679D}.Release|x86.Build.0 = Release|Any CPU
	EndGlobalSection
	GlobalSection(SolutionProperties) = preSolution
		HideSolutionNode = FALSE
	EndGlobalSection
	GlobalSection(ExtensibilityGlobals) = postSolution
		SolutionGuid = {D368C2ED-C819-4319-A5FF-05F101E84F8C}
	EndGlobalSection
EndGlobal
